
Microsoft Visual Studio Solution File, Format Version 12.00
# Visual Studio Version 17
VisualStudioVersion = 17.14.36408.4 d17.14
MinimumVisualStudioVersion = 10.0.40219.1
Project("{FAE04EC0-301F-11D3-BF4B-00C04F79EFBC}") = "AcademicInfoSystem", "AcademicInfoSystem\AcademicInfoSystem.csproj", "{0560CB2A-DC88-454C-96B8-F38F2D03A8CC}"
EndProject
Global
	GlobalSection(SolutionConfigurationPlatforms) = preSolution
		Debug|Any CPU = Debug|Any CPU
		Release|Any CPU = Release|Any CPU
	EndGlobalSection
	GlobalSection(ProjectConfigurationPlatforms) = postSolution
		{0560CB2A-DC88-454C-96B8-F38F2D03A8CC}.Debug|Any CPU.ActiveCfg = Debug|Any CPU
		{0560CB2A-DC88-454C-96B8-F38F2D03A8CC}.Debug|Any CPU.Build.0 = Debug|Any CPU
		{0560CB2A-DC88-454C-96B8-F38F2D03A8CC}.Release|Any CPU.ActiveCfg = Release|Any CPU
		{0560CB2A-DC88-454C-96B8-F38F2D03A8CC}.Release|Any CPU.Build.0 = Release|Any CPU
	EndGlobalSection
	GlobalSection(SolutionProperties) = preSolution
		HideSolutionNode = FALSE
	EndGlobalSection
	GlobalSection(ExtensibilityGlobals) = postSolution
		SolutionGuid = {6963106A-9DCD-4AD1-9A5C-718CCC9A9D44}
	EndGlobalSection
EndGlobal
